Microsoft Visual Studio Solution File, Format Version 12.00
# Visual Studio Version 17
VisualStudioVersion = 17.5.2.0
MinimumVisualStudioVersion = 10.0.40219.1
Project("{FAE04EC0-301F-11D3-BF4B-00C04F79EFBC}") = "PayrollApi", "PayrollApi.csproj", "{4F747D93-7502-D9F3-C14D-E939F2C6C71B}"
EndProject
Global
	GlobalSection(SolutionConfigurationPlatforms) = preSolution
		Debug|Any CPU = Debug|Any CPU
		Release|Any CPU = Release|Any CPU
	EndGlobalSection
	GlobalSection(ProjectConfigurationPlatforms) = postSolution
		{4F747D93-7502-D9F3-C14D-E939F2C6C71B}.Debug|Any CPU.ActiveCfg = Debug|Any CPU
		{4F747D93-7502-D9F3-C14D-E939F2C6C71B}.Debug|Any CPU.Build.0 = Debug|Any CPU
		{4F747D93-7502-D9F3-C14D-E939F2C6C71B}.Release|Any CPU.ActiveCfg = Release|Any CPU
		{4F747D93-7502-D9F3-C14D-E939F2C6C71B}.Release|Any CPU.Build.0 = Release|Any CPU
	EndGlobalSection
	GlobalSection(SolutionProperties) = preSolution
		HideSolutionNode = FALSE
	EndGlobalSection
	GlobalSection(ExtensibilityGlobals) = postSolution
		SolutionGuid = {1C2DF1EF-4D55-4774-AC09-AC8B33B6EA12}
	EndGlobalSection
EndGlobal
